
Microsoft Visual Studio Solution File, Format Version 12.00
# Visual Studio 15
VisualStudioVersion = 15.0.28010.2050
MinimumVisualStudioVersion = 10.0.40219.1
Project("{FAE04EC0-301F-11D3-BF4B-00C04F79EFBC}") = "Leasy.Android", "Leasy\Leasy.Android\Leasy.Android.csproj", "{DBDC6A89-8968-46CD-AD10-65FAD2D4425A}"
EndProject
Project("{FAE04EC0-301F-11D3-BF4B-00C04F79EFBC}") = "Leasy", "Leasy\Leasy\Leasy.csproj", "{DF80C506-B445-40DE-8B95-93C1D546A4FC}"
EndProject
Global
	GlobalSection(SolutionConfigurationPlatforms) = preSolution
		Debug|Any CPU = Debug|Any CPU
		Release|Any CPU = Release|Any CPU
	EndGlobalSection
	GlobalSection(ProjectConfigurationPlatforms) = postSolution
		{DBDC6A89-8968-46CD-AD10-65FAD2D4425A}.Debug|Any CPU.ActiveCfg = Debug|Any CPU
		{DBDC6A89-8968-46CD-AD10-65FAD2D4425A}.Debug|Any CPU.Build.0 = Debug|Any CPU
		{DBDC6A89-8968-46CD-AD10-65FAD2D4425A}.Debug|Any CPU.Deploy.0 = Debug|Any CPU
		{DBDC6A89-8968-46CD-AD10-65FAD2D4425A}.Release|Any CPU.ActiveCfg = Release|Any CPU
		{DBDC6A89-8968-46CD-AD10-65FAD2D4425A}.Release|Any CPU.Build.0 = Release|Any CPU
		{DBDC6A89-8968-46CD-AD10-65FAD2D4425A}.Release|Any CPU.Deploy.0 = Release|Any CPU
		{DF80C506-B445-40DE-8B95-93C1D546A4FC}.Debug|Any CPU.ActiveCfg = Debug|Any CPU
		{DF80C506-B445-40DE-8B95-93C1D546A4FC}.Debug|Any CPU.Build.0 = Debug|Any CPU
		{DF80C506-B445-40DE-8B95-93C1D546A4FC}.Debug|Any CPU.Deploy.0 = Debug|Any CPU
		{DF80C506-B445-40DE-8B95-93C1D546A4FC}.Release|Any CPU.ActiveCfg = Release|Any CPU
		{DF80C506-B445-40DE-8B95-93C1D546A4FC}.Release|Any CPU.Build.0 = Release|Any CPU
		{DF80C506-B445-40DE-8B95-93C1D546A4FC}.Release|Any CPU.Deploy.0 = Release|Any CPU
	EndGlobalSection
	GlobalSection(SolutionProperties) = preSolution
		HideSolutionNode = FALSE
	EndGlobalSection
	GlobalSection(ExtensibilityGlobals) = postSolution
		SolutionGuid = {ECE3E92B-9503-4C3D-B489-94A7BA57069A}
	EndGlobalSection
EndGlobal
